{
  "version": 4,
  "terraform_version": "1.16.0",
  "serial": 18,
  "lineage": "4aa9a0d3-aa6c-c260-b8bb-3581d9cb24c3",
  "outputs": {
    "instance_availability_zone": {
      "value": "us-east-1a",
      "type": "string"
    },
    "instance_id": {
      "value": "i-023ebd8466c0982bf",
      "type": "string"
    },
    "instance_private_ip": {
      "value": "172.31.28.245",
      "type": "string"
    },
    "instance_public_ip": {
      "value": "18.212.253.142",
      "type": "string"
    },
    "instance_type": {
      "value": "t3.micro",
      "type": "string"
    }
  },
  "resources": [
    {
      "mode": "managed",
      "type": "aws_instance",
      "name": "wordpress",
      "provider": "provider[\"registry.terraform.io/hashicorp/aws\"]",
      "instances": [
        {
          "schema_version": 2,
          "attributes": {
            "ami": "ami-081b0a6eac00b4f53",
            "arn": "arn:aws:ec2:us-east-1:872515293031:instance/i-023ebd8466c0982bf",
            "associate_public_ip_address": true,
            "availability_zone": "us-east-1a",
            "capacity_reservation_specification": [
              {
                "capacity_reservation_preference": "open",
                "capacity_reservation_target": []
              }
            ],
            "cpu_options": [
              {
                "amd_sev_snp": "",
                "core_count": 1,
                "nested_virtualization": "",
                "threads_per_core": 2
              }
            ],
            "credit_specification": [
              {
                "cpu_credits": "unlimited"
              }
            ],
            "disable_api_stop": false,
            "disable_api_termination": false,
            "ebs_block_device": [],
            "ebs_optimized": false,
            "enable_primary_ipv6": null,
            "enclave_options": [
              {
                "enabled": false
              }
            ],
            "ephemeral_block_device": [],
            "force_destroy": false,
            "get_password_data": false,
            "hibernation": false,
            "host_id": "",
            "host_resource_group_arn": null,
            "iam_instance_profile": "",
            "id": "i-023ebd8466c0982bf",
            "instance_initiated_shutdown_behavior": "stop",
            "instance_lifecycle": "",
            "instance_market_options": [],
            "instance_state": "running",
            "instance_type": "t3.micro",
            "ipv6_address_count": 0,
            "ipv6_addresses": [],
            "key_name": "",
            "launch_template": [],
            "maintenance_options": [
              {
                "auto_recovery": "default"
              }
            ],
            "metadata_options": [
              {
                "http_endpoint": "enabled",
                "http_protocol_ipv6": "disabled",
                "http_put_response_hop_limit": 2,
                "http_tokens": "required",
                "instance_metadata_tags": "disabled"
              }
            ],
            "monitoring": false,
            "network_interface": [],
            "outpost_arn": "",
            "password_data": "",
            "placement_group": "",
            "placement_group_id": "",
            "placement_partition_number": 0,
            "primary_network_interface": [
              {
                "delete_on_termination": true,
                "network_interface_id": "eni-01d65fb237049ae24"
              }
            ],
            "primary_network_interface_id": "eni-01d65fb237049ae24",
            "private_dns": "ip-172-31-28-245.ec2.internal",
            "private_dns_name_options": [
              {
                "enable_resource_name_dns_a_record": false,
                "enable_resource_name_dns_aaaa_record": false,
                "hostname_type": "ip-name"
              }
            ],
            "private_ip": "172.31.28.245",
            "public_dns": "ec2-18-212-253-142.compute-1.amazonaws.com",
            "public_ip": "18.212.253.142",
            "region": "us-east-1",
            "root_block_device": [
              {
                "delete_on_termination": true,
                "device_name": "/dev/xvda",
                "encrypted": false,
                "iops": 3000,
                "kms_key_id": "",
                "tags": {},
                "tags_all": {},
                "throughput": 125,
                "volume_id": "vol-0f61e7ba57c0911d0",
                "volume_size": 8,
                "volume_type": "gp3"
              }
            ],
            "secondary_network_interface": [],
            "secondary_private_ips": [],
            "security_groups": [
              "WordPress-sg"
            ],
            "source_dest_check": true,
            "spot_instance_request_id": "",
            "subnet_id": "subnet-0f469e15f101add3b",
            "tags": {
              "Name": "WordPress-Server"
            },
            "tags_all": {
              "Name": "WordPress-Server"
            },
            "tenancy": "default",
            "timeouts": null,
            "user_data": "#!/bin/bash\n\nexec \u003e \u003e(tee /var/log/user-data.log | logger -t user-data) 2\u003e\u00261\n\necho \"===== User data started =====\"\n\n# 1. Update system and install packages\ndnf update -y\ndnf install -y httpd wget php php-mysqlnd mariadb105-server firewalld\n\n# 2. Start and enable services\nsystemctl enable --now firewalld\nsystemctl enable --now httpd\nsystemctl enable --now mariadb\n\n# 3. Configure firewall\nfirewall-cmd --permanent --add-service=http\nfirewall-cmd --reload\n\n# 4. Wait for MariaDB to be ready\necho \"Waiting for MariaDB...\"\n\nfor i in {1..30}; do\n    if mysqladmin ping -u root --silent; then\n        echo \"MariaDB is ready.\"\n        break\n    fi\n\n    echo \"MariaDB not ready yet. Waiting...\"\n    sleep 2\ndone\n\n# 5. Setup database\nmysql -u root -e \"CREATE DATABASE IF NOT EXISTS wordpress;\"\n\nmysql -u root -e \"CREATE USER IF NOT EXISTS 'wordpress-user'@'localhost' IDENTIFIED BY 'StrongPassword123!';\"\n\nmysql -u root -e \"GRANT ALL PRIVILEGES ON wordpress.* TO 'wordpress-user'@'localhost';\"\n\nmysql -u root -e \"FLUSH PRIVILEGES;\"\n\n# 6. Download and extract WordPress\ncd /var/www/html\n\necho \"Downloading WordPress...\"\nwget -O latest.tar.gz https://wordpress.org/latest.tar.gz\n\necho \"Extracting WordPress...\"\ntar -xzf latest.tar.gz\n\necho \"Copying WordPress files...\"\ncp -r wordpress/* /var/www/html/\n\n# 7. Clean up\nrm -rf wordpress latest.tar.gz\n\n# 8. Set permissions\nchown -R apache:apache /var/www/html\nchmod -R 755 /var/www/html\n\n# 9. Restart Apache\nsystemctl restart httpd\n\necho \"===== User data completed successfully =====\"\n",
            "user_data_base64": null,
            "user_data_replace_on_change": false,
            "volume_tags": null,
            "vpc_security_group_ids": [
              "sg-05310742d5e36ee74"
            ]
          },
          "sensitive_attributes": [],
          "identity_schema_version": 0,
          "identity": {
            "account_id": "872515293031",
            "id": "i-023ebd8466c0982bf",
            "region": "us-east-1"
          },
          "private": "eyJlMmJmYjczMC1lY2FhLTExZTYtOGY4OC0zNDM2M2JjN2M0YzAiOnsiY3JlYXRlIjo2MDAwMDAwMDAwMDAsImRlbGV0ZSI6MTIwMDAwMDAwMDAwMCwicmVhZCI6OTAwMDAwMDAwMDAwLCJ1cGRhdGUiOjYwMDAwMDAwMDAwMH0sInNjaGVtYV92ZXJzaW9uIjoiMiJ9",
          "dependencies": [
            "aws_security_group.web_sg"
          ]
        }
      ]
    },
    {
      "mode": "managed",
      "type": "aws_security_group",
      "name": "web_sg",
      "provider": "provider[\"registry.terraform.io/hashicorp/aws\"]",
      "instances": [
        {
          "schema_version": 1,
          "attributes": {
            "arn": "arn:aws:ec2:us-east-1:872515293031:security-group/sg-05310742d5e36ee74",
            "description": "Allow HTTP and SSH inbound traffic",
            "egress": [
              {
                "cidr_blocks": [
                  "0.0.0.0/0"
                ],
                "description": "",
                "from_port": 0,
                "ipv6_cidr_blocks": [],
                "prefix_list_ids": [],
                "protocol": "-1",
                "security_groups": [],
                "self": false,
                "to_port": 0
              }
            ],
            "id": "sg-05310742d5e36ee74",
            "ingress": [
              {
                "cidr_blocks": [
                  "0.0.0.0/0"
                ],
                "description": "HTTP",
                "from_port": 80,
                "ipv6_cidr_blocks": [],
                "prefix_list_ids": [],
                "protocol": "tcp",
                "security_groups": [],
                "self": false,
                "to_port": 80
              },
              {
                "cidr_blocks": [
                  "0.0.0.0/0"
                ],
                "description": "SSH",
                "from_port": 22,
                "ipv6_cidr_blocks": [],
                "prefix_list_ids": [],
                "protocol": "tcp",
                "security_groups": [],
                "self": false,
                "to_port": 22
              }
            ],
            "name": "WordPress-sg",
            "name_prefix": "",
            "owner_id": "872515293031",
            "region": "us-east-1",
            "revoke_rules_on_delete": false,
            "tags": {},
            "tags_all": {},
            "timeouts": null,
            "vpc_id": "vpc-0e6bb518112ab1556"
          },
          "sensitive_attributes": [],
          "identity_schema_version": 0,
          "identity": {
            "account_id": "872515293031",
            "id": "sg-05310742d5e36ee74",
            "region": "us-east-1"
          },
          "private": "eyJlMmJmYjczMC1lY2FhLTExZTYtOGY4OC0zNDM2M2JjN2M0YzAiOnsiY3JlYXRlIjo2MDAwMDAwMDAwMDAsImRlbGV0ZSI6OTAwMDAwMDAwMDAwfSwic2NoZW1hX3ZlcnNpb24iOiIxIn0="
        }
      ]
    }
  ],
  "check_results": null
}
